
Microsoft Visual Studio Solution File, Format Version 12.00
# Visual Studio Version 16
VisualStudioVersion = 16.0.31019.35
MinimumVisualStudioVersion = 10.0.40219.1
Project("{FAE04EC0-301F-11D3-BF4B-00C04F79EFBC}") = "Clary", "Clary\Clary.csproj", "{1ABEB2DB-2B16-4FCD-B142-00B52F9D0B04}"
EndProject
Global
	GlobalSection(SolutionConfigurationPlatforms) = preSolution
		Debug|Any CPU = Debug|Any CPU
		Release|Any CPU = Release|Any CPU
	EndGlobalSection
	GlobalSection(ProjectConfigurationPlatforms) = postSolution
		{1ABEB2DB-2B16-4FCD-B142-00B52F9D0B04}.Debug|Any CPU.ActiveCfg = Debug|Any CPU
		{1ABEB2DB-2B16-4FCD-B142-00B52F9D0B04}.Debug|Any CPU.Build.0 = Debug|Any CPU
		{1ABEB2DB-2B16-4FCD-B142-00B52F9D0B04}.Release|Any CPU.ActiveCfg = Release|Any CPU
		{1ABEB2DB-2B16-4FCD-B142-00B52F9D0B04}.Release|Any CPU.Build.0 = Release|Any CPU
	EndGlobalSection
	GlobalSection(SolutionProperties) = preSolution
		HideSolutionNode = FALSE
	EndGlobalSection
	GlobalSection(ExtensibilityGlobals) = postSolution
		SolutionGuid = {247AF197-9B6C-43F1-9BBD-70926B450F5F}
	EndGlobalSection
EndGlobal
